// !$*UTF8*$!
{
	archiveVersion = 1;
	classes = {
	};
	objectVersion = 46;
	objects = {

/* Begin PBXBuildFile section */
		28C0004A1C75EA350002A78A /* testPod.h in Headers */ = {isa = PBXBuildFile; fileRef = 28C000491C75EA350002A78A /* testPod.h */; settings = {ATTRIBUTES = (Public, ); }; };
		28C000541C75EA610002A78A /* EHPPUserServices.h in Headers */ = {isa = PBXBuildFile; fileRef = 28C000521C75EA610002A78A /* EHPPUserServices.h */; };
		28C000551C75EA610002A78A /* EHPPUserServices.m in Sources */ = {isa = PBXBuildFile; fileRef = 28C000531C75EA610002A78A /* EHPPUserServices.m */; };
/* End PBXBuildFile section */

/* Begin PBXFileReference section */
		28C000461C75EA350002A78A /* testPod.framework */ = {isa = PBXFileReference; explicitFileType = wrapper.framework; includeInIndex = 0; path = testPod.framework; sourceTree = BUILT_PRODUCTS_DIR; };
		28C000491C75EA350002A78A /* testPod.h */ = {isa = PBXFileReference; lastKnownFileType = sourcecode.c.h; path = testPod.h; sourceTree = "<group>"; };
		28C0004B1C75EA350002A78A /* Info.plist */ = {isa = PBXFileReference; lastKnownFileType = text.plist.xml; path = Info.plist; sourceTree = "<group>"; };
		28C000521C75EA610002A78A /* EHPPUserServices.h */ = {isa = PBXFileReference; fileEncoding = 4; lastKnownFileType = sourcecode.c.h; path = EHPPUserServices.h; sourceTree = "<group>"; };
		28C000531C75EA610002A78A /* EHPPUserServices.m */ = {isa = PBXFileReference; fileEncoding = 4; lastKnownFileType = sourcecode.c.objc; path = EHPPUserServices.m; sourceTree = "<group>"; };
/* End PBXFileReference section */

/* Begin PBXFrameworksBuildPhase section */
		28C000421C75EA350002A78A /* Frameworks */ = {
			isa = PBXFrameworksBuildPhase;
			buildActionMask = 2147483647;
			files = (
			);
			runOnlyForDeploymentPostprocessing = 0;
		};
/* End PBXFrameworksBuildPhase section */

/* Begin PBXGroup section */
		28C0003C1C75EA340002A78A = {
			isa = PBXGroup;
			children = (
				28C000481C75EA350002A78A /* testPod */,
				28C000471C75EA350002A78A /* Products */,
			);
			sourceTree = "<group>";
		};
		28C000471C75EA350002A78A /* Products */ = {
			isa = PBXGroup;
			children = (
				28C000461C75EA350002A78A /* testPod.framework */,
			);
			name = Products;
			sourceTree = "<group>";
		};
		28C000481C75EA350002A78A /* testPod */ = {
			isa = PBXGroup;
			children = (
				28C000511C75EA480002A78A /* Services */,
				28C000491C75EA350002A78A /* testPod.h */,
				28C0004B1C75EA350002A78A /* Info.plist */,
			);
			path = testPod;
			sourceTree = "<group>";
		};
		28C000511C75EA480002A78A /* Services */ = {
			isa = PBXGroup;
			children = (
				28C000521C75EA610002A78A /* EHPPUserServices.h */,
				28C000531C75EA610002A78A /* EHPPUserServices.m */,
			);
			name = Services;
			sourceTree = "<group>";
		};
/* End PBXGroup section */

/* Begin PBXHeadersBuildPhase section */
		28C000431C75EA350002A78A /* Headers */ = {
			isa = PBXHeadersBuildPhase;
			buildActionMask = 2147483647;
			files = (
				28C000541C75EA610002A78A /* EHPPUserServices.h in Headers */,
				28C0004A1C75EA350002A78A /* testPod.h in Headers */,
			);
			runOnlyForDeploymentPostprocessing = 0;
		};
/* End PBXHeadersBuildPhase section */

/* Begin PBXNativeTarget section */
		28C000451C75EA350002A78A /* testPod */ = {
			isa = PBXNativeTarget;
			buildConfigurationList = 28C0004E1C75EA350002A78A /* Build configuration list for PBXNativeTarget "testPod" */;
			buildPhases = (
				28C000411C75EA350002A78A /* Sources */,
				28C000421C75EA350002A78A /* Frameworks */,
				28C000431C75EA350002A78A /* Headers */,
				28C000441C75EA350002A78A /* Resources */,
			);
			buildRules = (
			);
			dependencies = (
			);
			name = testPod;
			productName = testPod;
			productReference = 28C000461C75EA350002A78A /* testPod.framework */;
			productType = "com.apple.product-type.framework";
		};
/* End PBXNativeTarget section */

/* Begin PBXProject section */
		28C0003D1C75EA340002A78A /* Project object */ = {
			isa = PBXProject;
			attributes = {
				LastUpgradeCheck = 0720;
				ORGANIZATIONNAME = "apple apple";
				TargetAttributes = {
					28C000451C75EA350002A78A = {
						CreatedOnToolsVersion = 7.2;
					};
				};
			};
			buildConfigurationList = 28C000401C75EA340002A78A /* Build configuration list for PBXProject "testPod" */;
			compatibilityVersion = "Xcode 3.2";
			developmentRegion = English;
			hasScannedForEncodings = 0;
			knownRegions = (
				en,
			);
			mainGroup = 28C0003C1C75EA340002A78A;
			productRefGroup = 28C000471C75EA350002A78A /* Products */;
			projectDirPath = "";
			projectRoot = "";
			targets = (
				28C000451C75EA350002A78A /* testPod */,
			);
		};
/* End PBXProject section */

/* Begin PBXResourcesBuildPhase section */
		28C000441C75EA350002A78A /* Resources */ = {
			isa = PBXResourcesBuildPhase;
			buildActionMask = 2147483647;
			files = (
			);
			runOnlyForDeploymentPostprocessing = 0;
		};
/* End PBXResourcesBuildPhase section */

/* Begin PBXSourcesBuildPhase section */
		28C000411C75EA350002A78A /* Sources */ = {
			isa = PBXSourcesBuildPhase;
			buildActionMask = 2147483647;
			files = (
				28C000551C75EA610002A78A /* EHPPUserServices.m in Sources */,
			);
			runOnlyForDeploymentPostprocessing = 0;
		};
/* End PBXSourcesBuildPhase section */

/* Begin XCBuildConfiguration section */
		28C0004C1C75EA350002A78A /* Debug */ = {
			isa = XCBuildConfiguration;
			buildSettings = {
				ALWAYS_SEARCH_USER_PATHS = NO;
				CLANG_CXX_LANGUAGE_STANDARD = "gnu++0x";
				CLANG_CXX_LIBRARY = "libc++";
				CLANG_ENABLE_MODULES = YES;
				CLANG_ENABLE_OBJC_ARC = YES;
				CLANG_WARN_BOOL_CONVERSION = YES;
				CLANG_WARN_CONSTANT_CONVERSION = YES;
				CLANG_WARN_DIRECT_OBJC_ISA_USAGE = YES_ERROR;
				CLANG_WARN_EMPTY_BODY = YES;
				CLANG_WARN_ENUM_CONVERSION = YES;
				CLANG_WARN_INT_CONVERSION = YES;
				CLANG_WARN_OBJC_ROOT_CLASS = YES_ERROR;
				CLANG_WARN_UNREACHABLE_CODE = YES;
				CLANG_WARN__DUPLICATE_METHOD_MATCH = YES;
				"CODE_SIGN_IDENTITY[sdk=iphoneos*]" = "iPhone Developer";
				COPY_PHASE_STRIP = NO;
				CURRENT_PROJECT_VERSION = 1;
				DEBUG_INFORMATION_FORMAT = dwarf;
				ENABLE_STRICT_OBJC_MSGSEND = YES;
				ENABLE_TESTABILITY = YES;
				GCC_C_LANGUAGE_STANDARD = gnu99;
				GCC_DYNAMIC_NO_PIC = NO;
				GCC_NO_COMMON_BLOCKS = YES;
				GCC_OPTIMIZATION_LEVEL = 0;
				GCC_PREPROCESSOR_DEFINITIONS = (
					"DEBUG=1",
					"$(inherited)",
				);
				GCC_WARN_64_TO_32_BIT_CONVERSION = YES;
				GCC_WARN_ABOUT_RETURN_TYPE = YES_ERROR;
				GCC_WARN_UNDECLARED_SELECTOR = YES;
				GCC_WARN_UNINITIALIZED_AUTOS = YES_AGGRESSIVE;
				GCC_WARN_UNUSED_FUNCTION = YES;
				GCC_WARN_UNUSED_VARIABLE = YES;
				IPHONEOS_DEPLOYMENT_TARGET = 9.2;
				MTL_ENABLE_DEBUG_INFO = YES;
				ONLY_ACTIVE_ARCH = YES;
				SDKROOT = iphoneos;
				TARGETED_DEVICE_FAMILY = "1,2";
				VERSIONING_SYSTEM = "apple-generic";
				VERSION_INFO_PREFIX = "";
			};
			name = Debug;
		};
		28C0004D1C75EA350002A78A /* Release */ = {
			isa = XCBuildConfiguration;
			buildSettings = {
				ALWAYS_SEARCH_USER_PATHS = NO;
				CLANG_CXX_LANGUAGE_STANDARD = "gnu++0x";
				CLANG_CXX_LIBRARY = "libc++";
				CLANG_ENABLE_MODULES = YES;
				CLANG_ENABLE_OBJC_ARC = YES;
				CLANG_WARN_BOOL_CONVERSION = YES;
				CLANG_WARN_CONSTANT_CONVERSION = YES;
				CLANG_WARN_DIRECT_OBJC_ISA_USAGE = YES_ERROR;
				CLANG_WARN_EMPTY_BODY = YES;
				CLANG_WARN_ENUM_CONVERSION = YES;
				CLANG_WARN_INT_CONVERSION = YES;
				CLANG_WARN_OBJC_ROOT_CLASS = YES_ERROR;
				CLANG_WARN_UNREACHABLE_CODE = YES;
				CLANG_WARN__DUPLICATE_METHOD_MATCH = YES;
				"CODE_SIGN_IDENTITY[sdk=iphoneos*]" = "iPhone Developer";
				COPY_PHASE_STRIP = NO;
				CURRENT_PROJECT_VERSION = 1;
				DEBUG_INFORMATION_FORMAT = "dwarf-with-dsym";
				ENABLE_NS_ASSERTIONS = NO;
				ENABLE_STRICT_OBJC_MSGSEND = YES;
				GCC_C_LANGUAGE_STANDARD = gnu99;
				GCC_NO_COMMON_BLOCKS = YES;
				GCC_WARN_64_TO_32_BIT_CONVERSION = YES;
				GCC_WARN_ABOUT_RETURN_TYPE = YES_ERROR;
				GCC_WARN_UNDECLARED_SELECTOR = YES;
				GCC_WARN_UNINITIALIZED_AUTOS = YES_AGGRESSIVE;
				GCC_WARN_UNUSED_FUNCTION = YES;
				GCC_WARN_UNUSED_VARIABLE = YES;
				IPHONEOS_DEPLOYMENT_TARGET = 9.2;
				MTL_ENABLE_DEBUG_INFO = NO;
				SDKROOT = iphoneos;
				TARGETED_DEVICE_FAMILY = "1,2";
				VALIDATE_PRODUCT = YES;
				VERSIONING_SYSTEM = "apple-generic";
				VERSION_INFO_PREFIX = "";
			};
			name = Release;
		};
		28C0004F1C75EA350002A78A /* Debug */ = {
			isa = XCBuildConfiguration;
			buildSettings = {
				DEFINES_MODULE = YES;
				DYLIB_COMPATIBILITY_VERSION = 1;
				DYLIB_CURRENT_VERSION = 1;
				DYLIB_INSTALL_NAME_BASE = "@rpath";
				INFOPLIST_FILE = testPod/Info.plist;
				INSTALL_PATH = "$(LOCAL_LIBRARY_DIR)/Frameworks";
				LD_RUNPATH_SEARCH_PATHS = "$(inherited) @executable_path/Frameworks @loader_path/Frameworks";
				PRODUCT_BUNDLE_IDENTIFIER = ahmad.testPod;
				PRODUCT_NAME = "$(TARGET_NAME)";
				SKIP_INSTALL = YES;
			};
			name = Debug;
		};
		28C000501C75EA350002A78A /* Release */ = {
			isa = XCBuildConfiguration;
			buildSettings = {
				DEFINES_MODULE = YES;
				DYLIB_COMPATIBILITY_VERSION = 1;
				DYLIB_CURRENT_VERSION = 1;
				DYLIB_INSTALL_NAME_BASE = "@rpath";
				INFOPLIST_FILE = testPod/Info.plist;
				INSTALL_PATH = "$(LOCAL_LIBRARY_DIR)/Frameworks";
				LD_RUNPATH_SEARCH_PATHS = "$(inherited) @executable_path/Frameworks @loader_path/Frameworks";
				PRODUCT_BUNDLE_IDENTIFIER = ahmad.testPod;
				PRODUCT_NAME = "$(TARGET_NAME)";
				SKIP_INSTALL = YES;
			};
			name = Release;
		};
/* End XCBuildConfiguration section */

/* Begin XCConfigurationList section */
		28C000401C75EA340002A78A /* Build configuration list for PBXProject "testPod" */ = {
			isa = XCConfigurationList;
			buildConfigurations = (
				28C0004C1C75EA350002A78A /* Debug */,
				28C0004D1C75EA350002A78A /* Release */,
			);
			defaultConfigurationIsVisible = 0;
			defaultConfigurationName = Release;
		};
		28C0004E1C75EA350002A78A /* Build configuration list for PBXNativeTarget "testPod" */ = {
			isa = XCConfigurationList;
			buildConfigurations = (
				28C0004F1C75EA350002A78A /* Debug */,
				28C000501C75EA350002A78A /* Release */,
			);
			defaultConfigurationIsVisible = 0;
		};
/* End XCConfigurationList section */
	};
	rootObject = 28C0003D1C75EA340002A78A /* Project object */;
}
